lockfileVersion: '9.0'

settings:
  autoInstallPeers: true
  excludeLinksFromLockfile: false

importers:

  .:
    dependencies:
      '@tonejs/midi':
        specifier: ^2.0.28
        version: 2.0.28
      playwright:
        specifier: 1.48.0
        version: 1.48.0

packages:

  '@tonejs/midi@2.0.28':
    resolution: {integrity: sha512-RII6YpInPsOZ5t3Si/20QKpNqB1lZ2OCFJSOzJxz38YdY/3zqDr3uaml4JuCWkdixuPqP1/TBnXzhQ39csyoVg==}

  array-flatten@3.0.0:
    resolution: {integrity: sha512-zPMVc3ZYlGLNk4mpK1NzP2wg0ml9t7fUgDsayR5Y5rSzxQilzR9FGu/EH2jQOcKSAeAfWeylyW8juy3OkWRvNA==}

  fsevents@2.3.2:
    resolution: {integrity: sha512-xiqMQR4xAeHTuB9uWm+fFRcIOgKBMiOBP+eXiyT7jsgVCq1bkVygt00oASowB7EdtpOHaaPgKt812P9ab+DDKA==}
    engines: {node: ^8.16.0 || ^10.6.0 || >=11.0.0}
    os: [darwin]

  midi-file@1.2.4:
    resolution: {integrity: sha512-B5SnBC6i2bwJIXTY9MElIydJwAmnKx+r5eJ1jknTLetzLflEl0GWveuBB6ACrQpecSRkOB6fhTx1PwXk2BVxnA==}

  playwright-core@1.48.0:
    resolution: {integrity: sha512-RBvzjM9rdpP7UUFrQzRwR8L/xR4HyC1QXMzGYTbf1vjw25/ya9NRAVnXi/0fvFopjebvyPzsmoK58xxeEOaVvA==}
    engines: {node: '>=18'}
    hasBin: true

  playwright@1.48.0:
    resolution: {integrity: sha512-qPqFaMEHuY/ug8o0uteYJSRfMGFikhUysk8ZvAtfKmUK3kc/6oNl/y3EczF8OFGYIi/Ex2HspMfzYArk6+XQSA==}
    engines: {node: '>=18'}
    hasBin: true

snapshots:

  '@tonejs/midi@2.0.28':
    dependencies:
      array-flatten: 3.0.0
      midi-file: 1.2.4

  array-flatten@3.0.0: {}

  fsevents@2.3.2:
    optional: true

  midi-file@1.2.4: {}

  playwright-core@1.48.0: {}

  playwright@1.48.0:
    dependencies:
      playwright-core: 1.48.0
    optionalDependencies:
      fsevents: 2.3.2
